
Microsoft Visual Studio Solution File, Format Version 12.00
# Visual Studio Version 17
VisualStudioVersion = 17.3.32901.215
MinimumVisualStudioVersion = 10.0.40219.1
Project("{FAE04EC0-301F-11D3-BF4B-00C04F79EFBC}") = "Pr_3", "Pr_3\Pr_3.csproj", "{70C011E9-1783-4907-88A8-0388E41D1D14}"
EndProject
Global
	GlobalSection(SolutionConfigurationPlatforms) = preSolution
		Debug|Any CPU = Debug|Any CPU
		Release|Any CPU = Release|Any CPU
	EndGlobalSection
	GlobalSection(ProjectConfigurationPlatforms) = postSolution
		{70C011E9-1783-4907-88A8-0388E41D1D14}.Debug|Any CPU.ActiveCfg = Debug|Any CPU
		{70C011E9-1783-4907-88A8-0388E41D1D14}.Debug|Any CPU.Build.0 = Debug|Any CPU
		{70C011E9-1783-4907-88A8-0388E41D1D14}.Release|Any CPU.ActiveCfg = Release|Any CPU
		{70C011E9-1783-4907-88A8-0388E41D1D14}.Release|Any CPU.Build.0 = Release|Any CPU
	EndGlobalSection
	GlobalSection(SolutionProperties) = preSolution
		HideSolutionNode = FALSE
	EndGlobalSection
	GlobalSection(ExtensibilityGlobals) = postSolution
		SolutionGuid = {D33FE938-AF0E-413B-A099-71178791722C}
	EndGlobalSection
EndGlobal
